
Microsoft Visual Studio Solution File, Format Version 12.00
# Visual Studio Version 17
VisualStudioVersion = 17.1.32328.378
MinimumVisualStudioVersion = 10.0.40219.1
Project("{9A19103F-16F7-4668-BE54-9A1E7A4F7556}") = "eShop", "eShop\eShop.csproj", "{4C3C6A84-E114-4DF1-AFBB-869B9DB9CEF0}"
EndProject
Project("{9A19103F-16F7-4668-BE54-9A1E7A4F7556}") = "Model", "Model\Model.csproj", "{4DD2EC60-694F-440C-A62B-4BC0695C1A5B}"
EndProject
Project("{9A19103F-16F7-4668-BE54-9A1E7A4F7556}") = "Shared", "Shared\Shared.csproj", "{9368C6B0-F912-4300-B2AE-5EDDB6C51C3F}"
EndProject
Project("{FAE04EC0-301F-11D3-BF4B-00C04F79EFBC}") = "eShopMVC", "eShopMVC\eShopMVC.csproj", "{8BCBEDBC-1E07-4366-AA6C-84F996DE7537}"
EndProject
Global
	GlobalSection(SolutionConfigurationPlatforms) = preSolution
		Debug|Any CPU = Debug|Any CPU
		Release|Any CPU = Release|Any CPU
	EndGlobalSection
	GlobalSection(ProjectConfigurationPlatforms) = postSolution
		{4C3C6A84-E114-4DF1-AFBB-869B9DB9CEF0}.Debug|Any CPU.ActiveCfg = Debug|Any CPU
		{4C3C6A84-E114-4DF1-AFBB-869B9DB9CEF0}.Debug|Any CPU.Build.0 = Debug|Any CPU
		{4C3C6A84-E114-4DF1-AFBB-869B9DB9CEF0}.Release|Any CPU.ActiveCfg = Release|Any CPU
		{4C3C6A84-E114-4DF1-AFBB-869B9DB9CEF0}.Release|Any CPU.Build.0 = Release|Any CPU
		{4DD2EC60-694F-440C-A62B-4BC0695C1A5B}.Debug|Any CPU.ActiveCfg = Debug|Any CPU
		{4DD2EC60-694F-440C-A62B-4BC0695C1A5B}.Debug|Any CPU.Build.0 = Debug|Any CPU
		{4DD2EC60-694F-440C-A62B-4BC0695C1A5B}.Release|Any CPU.ActiveCfg = Release|Any CPU
		{4DD2EC60-694F-440C-A62B-4BC0695C1A5B}.Release|Any CPU.Build.0 = Release|Any CPU
		{9368C6B0-F912-4300-B2AE-5EDDB6C51C3F}.Debug|Any CPU.ActiveCfg = Debug|Any CPU
		{9368C6B0-F912-4300-B2AE-5EDDB6C51C3F}.Debug|Any CPU.Build.0 = Debug|Any CPU
		{9368C6B0-F912-4300-B2AE-5EDDB6C51C3F}.Release|Any CPU.ActiveCfg = Release|Any CPU
		{9368C6B0-F912-4300-B2AE-5EDDB6C51C3F}.Release|Any CPU.Build.0 = Release|Any CPU
		{8BCBEDBC-1E07-4366-AA6C-84F996DE7537}.Debug|Any CPU.ActiveCfg = Debug|Any CPU
		{8BCBEDBC-1E07-4366-AA6C-84F996DE7537}.Debug|Any CPU.Build.0 = Debug|Any CPU
		{8BCBEDBC-1E07-4366-AA6C-84F996DE7537}.Release|Any CPU.ActiveCfg = Release|Any CPU
		{8BCBEDBC-1E07-4366-AA6C-84F996DE7537}.Release|Any CPU.Build.0 = Release|Any CPU
	EndGlobalSection
	GlobalSection(SolutionProperties) = preSolution
		HideSolutionNode = FALSE
	EndGlobalSection
	GlobalSection(ExtensibilityGlobals) = postSolution
		SolutionGuid = {308AE960-9FEB-4A4D-A13E-6BC122885883}
	EndGlobalSection
EndGlobal
